
Microsoft Visual Studio Solution File, Format Version 12.00
# Visual Studio Version 16
VisualStudioVersion = 16.0.31321.278
MinimumVisualStudioVersion = 10.0.40219.1
Project("{9A19103F-16F7-4668-BE54-9A1E7A4F7556}") = "Entities", "Entities\Entities.csproj", "{747AF1D2-53D3-478F-9DFC-51A57DA7F76A}"
EndProject
Project("{9A19103F-16F7-4668-BE54-9A1E7A4F7556}") = "Core", "Core\Core.csproj", "{02C88AE0-6742-4E2F-90D5-AFDA21CABA6B}"
EndProject
Project("{9A19103F-16F7-4668-BE54-9A1E7A4F7556}") = "DataAccess", "DataAccess\DataAccess.csproj", "{34DCED07-CF46-43F8-BA6E-06BA9E812557}"
EndProject
Project("{9A19103F-16F7-4668-BE54-9A1E7A4F7556}") = "Business", "Business\Business.csproj", "{96177E20-F10E-42AA-822B-D460EA8826F5}"
EndProject
Project("{FAE04EC0-301F-11D3-BF4B-00C04F79EFBC}") = "WebAPI", "WebAPI\WebAPI.csproj", "{DDB91436-2ABC-4AFC-B320-7FB39004C076}"
EndProject
Global
	GlobalSection(SolutionConfigurationPlatforms) = preSolution
		Debug|Any CPU = Debug|Any CPU
		Release|Any CPU = Release|Any CPU
	EndGlobalSection
	GlobalSection(ProjectConfigurationPlatforms) = postSolution
		{747AF1D2-53D3-478F-9DFC-51A57DA7F76A}.Debug|Any CPU.ActiveCfg = Debug|Any CPU
		{747AF1D2-53D3-478F-9DFC-51A57DA7F76A}.Debug|Any CPU.Build.0 = Debug|Any CPU
		{747AF1D2-53D3-478F-9DFC-51A57DA7F76A}.Release|Any CPU.ActiveCfg = Release|Any CPU
		{747AF1D2-53D3-478F-9DFC-51A57DA7F76A}.Release|Any CPU.Build.0 = Release|Any CPU
		{02C88AE0-6742-4E2F-90D5-AFDA21CABA6B}.Debug|Any CPU.ActiveCfg = Debug|Any CPU
		{02C88AE0-6742-4E2F-90D5-AFDA21CABA6B}.Debug|Any CPU.Build.0 = Debug|Any CPU
		{02C88AE0-6742-4E2F-90D5-AFDA21CABA6B}.Release|Any CPU.ActiveCfg = Release|Any CPU
		{02C88AE0-6742-4E2F-90D5-AFDA21CABA6B}.Release|Any CPU.Build.0 = Release|Any CPU
		{34DCED07-CF46-43F8-BA6E-06BA9E812557}.Debug|Any CPU.ActiveCfg = Debug|Any CPU
		{34DCED07-CF46-43F8-BA6E-06BA9E812557}.Debug|Any CPU.Build.0 = Debug|Any CPU
		{34DCED07-CF46-43F8-BA6E-06BA9E812557}.Release|Any CPU.ActiveCfg = Release|Any CPU
		{34DCED07-CF46-43F8-BA6E-06BA9E812557}.Release|Any CPU.Build.0 = Release|Any CPU
		{96177E20-F10E-42AA-822B-D460EA8826F5}.Debug|Any CPU.ActiveCfg = Debug|Any CPU
		{96177E20-F10E-42AA-822B-D460EA8826F5}.Debug|Any CPU.Build.0 = Debug|Any CPU
		{96177E20-F10E-42AA-822B-D460EA8826F5}.Release|Any CPU.ActiveCfg = Release|Any CPU
		{96177E20-F10E-42AA-822B-D460EA8826F5}.Release|Any CPU.Build.0 = Release|Any CPU
		{DDB91436-2ABC-4AFC-B320-7FB39004C076}.Debug|Any CPU.ActiveCfg = Debug|Any CPU
		{DDB91436-2ABC-4AFC-B320-7FB39004C076}.Debug|Any CPU.Build.0 = Debug|Any CPU
		{DDB91436-2ABC-4AFC-B320-7FB39004C076}.Release|Any CPU.ActiveCfg = Release|Any CPU
		{DDB91436-2ABC-4AFC-B320-7FB39004C076}.Release|Any CPU.Build.0 = Release|Any CPU
	EndGlobalSection
	GlobalSection(SolutionProperties) = preSolution
		HideSolutionNode = FALSE
	EndGlobalSection
	GlobalSection(ExtensibilityGlobals) = postSolution
		SolutionGuid = {B8AE6EBF-0456-4F58-831A-CA6D5F4895BE}
	EndGlobalSection
EndGlobal
